
Microsoft Visual Studio Solution File, Format Version 12.00
# Visual Studio Version 16
VisualStudioVersion = 16.0.29209.62
MinimumVisualStudioVersion = 10.0.40219.1
Project("{FAE04EC0-301F-11D3-BF4B-00C04F79EFBC}") = "MatchingGame2", "MatchingGame2.csproj", "{B013F5B5-FF7B-4980-972D-2172EE465EB8}"
EndProject
Global
	GlobalSection(SolutionConfigurationPlatforms) = preSolution
		Debug|Any CPU = Debug|Any CPU
		Release|Any CPU = Release|Any CPU
	EndGlobalSection
	GlobalSection(ProjectConfigurationPlatforms) = postSolution
		{B013F5B5-FF7B-4980-972D-2172EE465EB8}.Debug|Any CPU.ActiveCfg = Debug|Any CPU
		{B013F5B5-FF7B-4980-972D-2172EE465EB8}.Debug|Any CPU.Build.0 = Debug|Any CPU
		{B013F5B5-FF7B-4980-972D-2172EE465EB8}.Release|Any CPU.ActiveCfg = Release|Any CPU
		{B013F5B5-FF7B-4980-972D-2172EE465EB8}.Release|Any CPU.Build.0 = Release|Any CPU
	EndGlobalSection
	GlobalSection(SolutionProperties) = preSolution
		HideSolutionNode = FALSE
	EndGlobalSection
	GlobalSection(ExtensibilityGlobals) = postSolution
		SolutionGuid = {E4B8821C-8DDB-41EB-9AB3-6C068E933254}
	EndGlobalSection
EndGlobal
